# This file is automatically @generated by Poetry 2.1.2 and should not be changed by hand.

[[package]]
name = "drawille"
version = "0.2.0"
description = "Drawing in terminal with unicode braille characters"
optional = false
python-versions = "*"
groups = ["main"]
files = [
    {file = "drawille-0.2.0-py3-none-any.whl", hash = "sha256:01b2dba1019ffc9567985c4c9902bcf9bf37e21d930f3049184b1051db07eeba"},
    {file = "drawille-0.2.0.tar.gz", hash = "sha256:815343e1162c58052d4cb652ef970f6771edd90042d549ecc6e453c9736aa1ad"},
]

[metadata]
lock-version = "2.1"
python-versions = "^3.10"
content-hash = "ff15af4734388277a006e9b1a7d9827d3442a375ae78862e26308004df003082"
